{
  "name": "EuroVelo5",
  "lockfileVersion": 2,
  "requires": true,
  "packages": {
    "": {
      "dependencies": {
        "leaflet-gpx": "^1.7.0"
      }
    },
    "node_modules/leaflet-gpx": {
      "version": "1.7.0",
      "resolved": "https://registry.npmjs.org/leaflet-gpx/-/leaflet-gpx-1.7.0.tgz",
      "integrity": "sha512-5NS5WKfp5zaAHMB2KM6OUaIng+SZ3e/UHK2++ABl2wELojYlmLqIL8t1Mj6DaZGkIh3kld+mAUvMGdIzC1yGRA=="
    }
  },
  "dependencies": {
    "leaflet-gpx": {
      "version": "1.7.0",
      "resolved": "https://registry.npmjs.org/leaflet-gpx/-/leaflet-gpx-1.7.0.tgz",
      "integrity": "sha512-5NS5WKfp5zaAHMB2KM6OUaIng+SZ3e/UHK2++ABl2wELojYlmLqIL8t1Mj6DaZGkIh3kld+mAUvMGdIzC1yGRA=="
    }
  }
}
